// !$*UTF8*$!
{
	archiveVersion = 1;
	classes = {
	};
	objectVersion = 50;
	objects = {

/* Begin PBXBuildFile section */
		9BAC2CEB26D542C0000D5186 /* AppDelegate.swift in Sources */ = {isa = PBXBuildFile; fileRef = 9BAC2CEA26D542C0000D5186 /* AppDelegate.swift */; };
		9BAC2CED26D542C0000D5186 /* SceneDelegate.swift in Sources */ = {isa = PBXBuildFile; fileRef = 9BAC2CEC26D542C0000D5186 /* SceneDelegate.swift */; };
		9BAC2CEF26D542C0000D5186 /* ViewController.swift in Sources */ = {isa = PBXBuildFile; fileRef = 9BAC2CEE26D542C0000D5186 /* ViewController.swift */; };
		9BAC2CF226D542C0000D5186 /* Main.storyboard in Resources */ = {isa = PBXBuildFile; fileRef = 9BAC2CF026D542C0000D5186 /* Main.storyboard */; };
		9BAC2CF426D542C3000D5186 /* Assets.xcassets in Resources */ = {isa = PBXBuildFile; fileRef = 9BAC2CF326D542C3000D5186 /* Assets.xcassets */; };
		9BAC2CF726D542C3000D5186 /* LaunchScreen.storyboard in Resources */ = {isa = PBXBuildFile; fileRef = 9BAC2CF526D542C3000D5186 /* LaunchScreen.storyboard */; };
		9BAC2D0226D542C4000D5186 /* PreworkTests.swift in Sources */ = {isa = PBXBuildFile; fileRef = 9BAC2D0126D542C4000D5186 /* PreworkTests.swift */; };
		9BAC2D0D26D542C4000D5186 /* PreworkUITests.swift in Sources */ = {isa = PBXBuildFile; fileRef = 9BAC2D0C26D542C4000D5186 /* PreworkUITests.swift */; };
/* End PBXBuildFile section */

/* Begin PBXContainerItemProxy section */
		9BAC2CFE26D542C4000D5186 /* PBXContainerItemProxy */ = {
			isa = PBXContainerItemProxy;
			containerPortal = 9BAC2CDF26D542C0000D5186 /* Project object */;
			proxyType = 1;
			remoteGlobalIDString = 9BAC2CE626D542C0000D5186;
			remoteInfo = Prework;
		};
		9BAC2D0926D542C4000D5186 /* PBXContainerItemProxy */ = {
			isa = PBXContainerItemProxy;
			containerPortal = 9BAC2CDF26D542C0000D5186 /* Project object */;
			proxyType = 1;
			remoteGlobalIDString = 9BAC2CE626D542C0000D5186;
			remoteInfo = Prework;
		};
/* End PBXContainerItemProxy section */

/* Begin PBXFileReference section */
		9BAC2CE726D542C0000D5186 /* Prework.app */ = {isa = PBXFileReference; explicitFileType = wrapper.application; includeInIndex = 0; path = Prework.app; sourceTree = BUILT_PRODUCTS_DIR; };
		9BAC2CEA26D542C0000D5186 /* AppDelegate.swift */ = {isa = PBXFileReference; lastKnownFileType = sourcecode.swift; path = AppDelegate.swift; sourceTree = "<group>"; };
		9BAC2CEC26D542C0000D5186 /* SceneDelegate.swift */ = {isa = PBXFileReference; lastKnownFileType = sourcecode.swift; path = SceneDelegate.swift; sourceTree = "<group>"; };
		9BAC2CEE26D542C0000D5186 /* ViewController.swift */ = {isa = PBXFileReference; lastKnownFileType = sourcecode.swift; path = ViewController.swift; sourceTree = "<group>"; };
		9BAC2CF126D542C0000D5186 /* Base */ = {isa = PBXFileReference; lastKnownFileType = file.storyboard; name = Base; path = Base.lproj/Main.storyboard; sourceTree = "<group>"; };
		9BAC2CF326D542C3000D5186 /* Assets.xcassets */ = {isa = PBXFileReference; lastKnownFileType = folder.assetcatalog; path = Assets.xcassets; sourceTree = "<group>"; };
		9BAC2CF626D542C3000D5186 /* Base */ = {isa = PBXFileReference; lastKnownFileType = file.storyboard; name = Base; path = Base.lproj/LaunchScreen.storyboard; sourceTree = "<group>"; };
		9BAC2CF826D542C3000D5186 /* Info.plist */ = {isa = PBXFileReference; lastKnownFileType = text.plist.xml; path = Info.plist; sourceTree = "<group>"; };
		9BAC2CFD26D542C3000D5186 /* PreworkTests.xctest */ = {isa = PBXFileReference; explicitFileType = wrapper.cfbundle; includeInIndex = 0; path = PreworkTests.xctest; sourceTree = BUILT_PRODUCTS_DIR; };
		9BAC2D0126D542C4000D5186 /* PreworkTests.swift */ = {isa = PBXFileReference; lastKnownFileType = sourcecode.swift; path = PreworkTests.swift; sourceTree = "<group>"; };
		9BAC2D0326D542C4000D5186 /* Info.plist */ = {isa = PBXFileReference; lastKnownFileType = text.plist.xml; path = Info.plist; sourceTree = "<group>"; };
		9BAC2D0826D542C4000D5186 /* PreworkUITests.xctest */ = {isa = PBXFileReference; explicitFileType = wrapper.cfbundle; includeInIndex = 0; path = PreworkUITests.xctest; sourceTree = BUILT_PRODUCTS_DIR; };
		9BAC2D0C26D542C4000D5186 /* PreworkUITests.swift */ = {isa = PBXFileReference; lastKnownFileType = sourcecode.swift; path = PreworkUITests.swift; sourceTree = "<group>"; };
		9BAC2D0E26D542C4000D5186 /* Info.plist */ = {isa = PBXFileReference; lastKnownFileType = text.plist.xml; path = Info.plist; sourceTree = "<group>"; };
/* End PBXFileReference section */

/* Begin PBXFrameworksBuildPhase section */
		9BAC2CE426D542C0000D5186 /* Frameworks */ = {
			isa = PBXFrameworksBuildPhase;
			buildActionMask = 2147483647;
			files = (
			);
			runOnlyForDeploymentPostprocessing = 0;
		};
		9BAC2CFA26D542C3000D5186 /* Frameworks */ = {
			isa = PBXFrameworksBuildPhase;
			buildActionMask = 2147483647;
			files = (
			);
			runOnlyForDeploymentPostprocessing = 0;
		};
		9BAC2D0526D542C4000D5186 /* Frameworks */ = {
			isa = PBXFrameworksBuildPhase;
			buildActionMask = 2147483647;
			files = (
			);
			runOnlyForDeploymentPostprocessing = 0;
		};
/* End PBXFrameworksBuildPhase section */

/* Begin PBXGroup section */
		9BAC2CDE26D542C0000D5186 = {
			isa = PBXGroup;
			children = (
				9BAC2CE926D542C0000D5186 /* Prework */,
				9BAC2D0026D542C4000D5186 /* PreworkTests */,
				9BAC2D0B26D542C4000D5186 /* PreworkUITests */,
				9BAC2CE826D542C0000D5186 /* Products */,
			);
			sourceTree = "<group>";
		};
		9BAC2CE826D542C0000D5186 /* Products */ = {
			isa = PBXGroup;
			children = (
				9BAC2CE726D542C0000D5186 /* Prework.app */,
				9BAC2CFD26D542C3000D5186 /* PreworkTests.xctest */,
				9BAC2D0826D542C4000D5186 /* PreworkUITests.xctest */,
			);
			name = Products;
			sourceTree = "<group>";
		};
		9BAC2CE926D542C0000D5186 /* Prework */ = {
			isa = PBXGroup;
			children = (
				9BAC2CEA26D542C0000D5186 /* AppDelegate.swift */,
				9BAC2CEC26D542C0000D5186 /* SceneDelegate.swift */,
				9BAC2CEE26D542C0000D5186 /* ViewController.swift */,
				9BAC2CF026D542C0000D5186 /* Main.storyboard */,
				9BAC2CF326D542C3000D5186 /* Assets.xcassets */,
				9BAC2CF526D542C3000D5186 /* LaunchScreen.storyboard */,
				9BAC2CF826D542C3000D5186 /* Info.plist */,
			);
			path = Prework;
			sourceTree = "<group>";
		};
		9BAC2D0026D542C4000D5186 /* PreworkTests */ = {
			isa = PBXGroup;
			children = (
				9BAC2D0126D542C4000D5186 /* PreworkTests.swift */,
				9BAC2D0326D542C4000D5186 /* Info.plist */,
			);
			path = PreworkTests;
			sourceTree = "<group>";
		};
		9BAC2D0B26D542C4000D5186 /* PreworkUITests */ = {
			isa = PBXGroup;
			children = (
				9BAC2D0C26D542C4000D5186 /* PreworkUITests.swift */,
				9BAC2D0E26D542C4000D5186 /* Info.plist */,
			);
			path = PreworkUITests;
			sourceTree = "<group>";
		};
/* End PBXGroup section */

/* Begin PBXNativeTarget section */
		9BAC2CE626D542C0000D5186 /* Prework */ = {
			isa = PBXNativeTarget;
			buildConfigurationList = 9BAC2D1126D542C4000D5186 /* Build configuration list for PBXNativeTarget "Prework" */;
			buildPhases = (
				9BAC2CE326D542C0000D5186 /* Sources */,
				9BAC2CE426D542C0000D5186 /* Frameworks */,
				9BAC2CE526D542C0000D5186 /* Resources */,
			);
			buildRules = (
			);
			dependencies = (
			);
			name = Prework;
			productName = Prework;
			productReference = 9BAC2CE726D542C0000D5186 /* Prework.app */;
			productType = "com.apple.product-type.application";
		};
		9BAC2CFC26D542C3000D5186 /* PreworkTests */ = {
			isa = PBXNativeTarget;
			buildConfigurationList = 9BAC2D1426D542C4000D5186 /* Build configuration list for PBXNativeTarget "PreworkTests" */;
			buildPhases = (
				9BAC2CF926D542C3000D5186 /* Sources */,
				9BAC2CFA26D542C3000D5186 /* Frameworks */,
				9BAC2CFB26D542C3000D5186 /* Resources */,
			);
			buildRules = (
			);
			dependencies = (
				9BAC2CFF26D542C4000D5186 /* PBXTargetDependency */,
			);
			name = PreworkTests;
			productName = PreworkTests;
			productReference = 9BAC2CFD26D542C3000D5186 /* PreworkTests.xctest */;
			productType = "com.apple.product-type.bundle.unit-test";
		};
		9BAC2D0726D542C4000D5186 /* PreworkUITests */ = {
			isa = PBXNativeTarget;
			buildConfigurationList = 9BAC2D1726D542C4000D5186 /* Build configuration list for PBXNativeTarget "PreworkUITests" */;
			buildPhases = (
				9BAC2D0426D542C4000D5186 /* Sources */,
				9BAC2D0526D542C4000D5186 /* Frameworks */,
				9BAC2D0626D542C4000D5186 /* Resources */,
			);
			buildRules = (
			);
			dependencies = (
				9BAC2D0A26D542C4000D5186 /* PBXTargetDependency */,
			);
			name = PreworkUITests;
			productName = PreworkUITests;
			productReference = 9BAC2D0826D542C4000D5186 /* PreworkUITests.xctest */;
			productType = "com.apple.product-type.bundle.ui-testing";
		};
/* End PBXNativeTarget section */

/* Begin PBXProject section */
		9BAC2CDF26D542C0000D5186 /* Project object */ = {
			isa = PBXProject;
			attributes = {
				LastSwiftUpdateCheck = 1250;
				LastUpgradeCheck = 1250;
				TargetAttributes = {
					9BAC2CE626D542C0000D5186 = {
						CreatedOnToolsVersion = 12.5.1;
					};
					9BAC2CFC26D542C3000D5186 = {
						CreatedOnToolsVersion = 12.5.1;
						TestTargetID = 9BAC2CE626D542C0000D5186;
					};
					9BAC2D0726D542C4000D5186 = {
						CreatedOnToolsVersion = 12.5.1;
						TestTargetID = 9BAC2CE626D542C0000D5186;
					};
				};
			};
			buildConfigurationList = 9BAC2CE226D542C0000D5186 /* Build configuration list for PBXProject "Prework" */;
			compatibilityVersion = "Xcode 9.3";
			developmentRegion = en;
			hasScannedForEncodings = 0;
			knownRegions = (
				en,
				Base,
			);
			mainGroup = 9BAC2CDE26D542C0000D5186;
			productRefGroup = 9BAC2CE826D542C0000D5186 /* Products */;
			projectDirPath = "";
			projectRoot = "";
			targets = (
				9BAC2CE626D542C0000D5186 /* Prework */,
				9BAC2CFC26D542C3000D5186 /* PreworkTests */,
				9BAC2D0726D542C4000D5186 /* PreworkUITests */,
			);
		};
/* End PBXProject section */

/* Begin PBXResourcesBuildPhase section */
		9BAC2CE526D542C0000D5186 /* Resources */ = {
			isa = PBXResourcesBuildPhase;
			buildActionMask = 2147483647;
			files = (
				9BAC2CF726D542C3000D5186 /* LaunchScreen.storyboard in Resources */,
				9BAC2CF426D542C3000D5186 /* Assets.xcassets in Resources */,
				9BAC2CF226D542C0000D5186 /* Main.storyboard in Resources */,
			);
			runOnlyForDeploymentPostprocessing = 0;
		};
		9BAC2CFB26D542C3000D5186 /* Resources */ = {
			isa = PBXResourcesBuildPhase;
			buildActionMask = 2147483647;
			files = (
			);
			runOnlyForDeploymentPostprocessing = 0;
		};
		9BAC2D0626D542C4000D5186 /* Resources */ = {
			isa = PBXResourcesBuildPhase;
			buildActionMask = 2147483647;
			files = (
			);
			runOnlyForDeploymentPostprocessing = 0;
		};
/* End PBXResourcesBuildPhase section */

/* Begin PBXSourcesBuildPhase section */
		9BAC2CE326D542C0000D5186 /* Sources */ = {
			isa = PBXSourcesBuildPhase;
			buildActionMask = 2147483647;
			files = (
				9BAC2CEF26D542C0000D5186 /* ViewController.swift in Sources */,
				9BAC2CEB26D542C0000D5186 /* AppDelegate.swift in Sources */,
				9BAC2CED26D542C0000D5186 /* SceneDelegate.swift in Sources */,
			);
			runOnlyForDeploymentPostprocessing = 0;
		};
		9BAC2CF926D542C3000D5186 /* Sources */ = {
			isa = PBXSourcesBuildPhase;
			buildActionMask = 2147483647;
			files = (
				9BAC2D0226D542C4000D5186 /* PreworkTests.swift in Sources */,
			);
			runOnlyForDeploymentPostprocessing = 0;
		};
		9BAC2D0426D542C4000D5186 /* Sources */ = {
			isa = PBXSourcesBuildPhase;
			buildActionMask = 2147483647;
			files = (
				9BAC2D0D26D542C4000D5186 /* PreworkUITests.swift in Sources */,
			);
			runOnlyForDeploymentPostprocessing = 0;
		};
/* End PBXSourcesBuildPhase section */

/* Begin PBXTargetDependency section */
		9BAC2CFF26D542C4000D5186 /* PBXTargetDependency */ = {
			isa = PBXTargetDependency;
			target = 9BAC2CE626D542C0000D5186 /* Prework */;
			targetProxy = 9BAC2CFE26D542C4000D5186 /* PBXContainerItemProxy */;
		};
		9BAC2D0A26D542C4000D5186 /* PBXTargetDependency */ = {
			isa = PBXTargetDependency;
			target = 9BAC2CE626D542C0000D5186 /* Prework */;
			targetProxy = 9BAC2D0926D542C4000D5186 /* PBXContainerItemProxy */;
		};
/* End PBXTargetDependency section */

/* Begin PBXVariantGroup section */
		9BAC2CF026D542C0000D5186 /* Main.storyboard */ = {
			isa = PBXVariantGroup;
			children = (
				9BAC2CF126D542C0000D5186 /* Base */,
			);
			name = Main.storyboard;
			sourceTree = "<group>";
		};
		9BAC2CF526D542C3000D5186 /* LaunchScreen.storyboard */ = {
			isa = PBXVariantGroup;
			children = (
				9BAC2CF626D542C3000D5186 /* Base */,
			);
			name = LaunchScreen.storyboard;
			sourceTree = "<group>";
		};
/* End PBXVariantGroup section */

/* Begin XCBuildConfiguration section */
		9BAC2D0F26D542C4000D5186 /* Debug */ = {
			isa = XCBuildConfiguration;
			buildSettings = {
				ALWAYS_SEARCH_USER_PATHS = NO;
				CLANG_ANALYZER_NONNULL = YES;
				CLANG_ANALYZER_NUMBER_OBJECT_CONVERSION = YES_AGGRESSIVE;
				CLANG_CXX_LANGUAGE_STANDARD = "gnu++14";
				CLANG_CXX_LIBRARY = "libc++";
				CLANG_ENABLE_MODULES = YES;
				CLANG_ENABLE_OBJC_ARC = YES;
				CLANG_ENABLE_OBJC_WEAK = YES;
				CLANG_WARN_BLOCK_CAPTURE_AUTORELEASING = YES;
				CLANG_WARN_BOOL_CONVERSION = YES;
				CLANG_WARN_COMMA = YES;
				CLANG_WARN_CONSTANT_CONVERSION = YES;
				CLANG_WARN_DEPRECATED_OBJC_IMPLEMENTATIONS = YES;
				CLANG_WARN_DIRECT_OBJC_ISA_USAGE = YES_ERROR;
				CLANG_WARN_DOCUMENTATION_COMMENTS = YES;
				CLANG_WARN_EMPTY_BODY = YES;
				CLANG_WARN_ENUM_CONVERSION = YES;
				CLANG_WARN_INFINITE_RECURSION = YES;
				CLANG_WARN_INT_CONVERSION = YES;
				CLANG_WARN_NON_LITERAL_NULL_CONVERSION = YES;
				CLANG_WARN_OBJC_IMPLICIT_RETAIN_SELF = YES;
				CLANG_WARN_OBJC_LITERAL_CONVERSION = YES;
				CLANG_WARN_OBJC_ROOT_CLASS = YES_ERROR;
				CLANG_WARN_QUOTED_INCLUDE_IN_FRAMEWORK_HEADER = YES;
				CLANG_WARN_RANGE_LOOP_ANALYSIS = YES;
				CLANG_WARN_STRICT_PROTOTYPES = YES;
				CLANG_WARN_SUSPICIOUS_MOVE = YES;
				CLANG_WARN_UNGUARDED_AVAILABILITY = YES_AGGRESSIVE;
				CLANG_WARN_UNREACHABLE_CODE = YES;
				CLANG_WARN__DUPLICATE_METHOD_MATCH = YES;
				COPY_PHASE_STRIP = NO;
				DEBUG_INFORMATION_FORMAT = dwarf;
				ENABLE_STRICT_OBJC_MSGSEND = YES;
				ENABLE_TESTABILITY = YES;
				GCC_C_LANGUAGE_STANDARD = gnu11;
				GCC_DYNAMIC_NO_PIC = NO;
				GCC_NO_COMMON_BLOCKS = YES;
				GCC_OPTIMIZATION_LEVEL = 0;
				GCC_PREPROCESSOR_DEFINITIONS = (
					"DEBUG=1",
					"$(inherited)",
				);
				GCC_WARN_64_TO_32_BIT_CONVERSION = YES;
				GCC_WARN_ABOUT_RETURN_TYPE = YES_ERROR;
				GCC_WARN_UNDECLARED_SELECTOR = YES;
				GCC_WARN_UNINITIALIZED_AUTOS = YES_AGGRESSIVE;
				GCC_WARN_UNUSED_FUNCTION = YES;
				GCC_WARN_UNUSED_VARIABLE = YES;
				IPHONEOS_DEPLOYMENT_TARGET = 14.5;
				MTL_ENABLE_DEBUG_INFO = INCLUDE_SOURCE;
				MTL_FAST_MATH = YES;
				ONLY_ACTIVE_ARCH = YES;
				SDKROOT = iphoneos;
				SWIFT_ACTIVE_COMPILATION_CONDITIONS = DEBUG;
				SWIFT_OPTIMIZATION_LEVEL = "-Onone";
			};
			name = Debug;
		};
		9BAC2D1026D542C4000D5186 /* Release */ = {
			isa = XCBuildConfiguration;
			buildSettings = {
				ALWAYS_SEARCH_USER_PATHS = NO;
				CLANG_ANALYZER_NONNULL = YES;
				CLANG_ANALYZER_NUMBER_OBJECT_CONVERSION = YES_AGGRESSIVE;
				CLANG_CXX_LANGUAGE_STANDARD = "gnu++14";
				CLANG_CXX_LIBRARY = "libc++";
				CLANG_ENABLE_MODULES = YES;
				CLANG_ENABLE_OBJC_ARC = YES;
				CLANG_ENABLE_OBJC_WEAK = YES;
				CLANG_WARN_BLOCK_CAPTURE_AUTORELEASING = YES;
				CLANG_WARN_BOOL_CONVERSION = YES;
				CLANG_WARN_COMMA = YES;
				CLANG_WARN_CONSTANT_CONVERSION = YES;
				CLANG_WARN_DEPRECATED_OBJC_IMPLEMENTATIONS = YES;
				CLANG_WARN_DIRECT_OBJC_ISA_USAGE = YES_ERROR;
				CLANG_WARN_DOCUMENTATION_COMMENTS = YES;
				CLANG_WARN_EMPTY_BODY = YES;
				CLANG_WARN_ENUM_CONVERSION = YES;
				CLANG_WARN_INFINITE_RECURSION = YES;
				CLANG_WARN_INT_CONVERSION = YES;
				CLANG_WARN_NON_LITERAL_NULL_CONVERSION = YES;
				CLANG_WARN_OBJC_IMPLICIT_RETAIN_SELF = YES;
				CLANG_WARN_OBJC_LITERAL_CONVERSION = YES;
				CLANG_WARN_OBJC_ROOT_CLASS = YES_ERROR;
				CLANG_WARN_QUOTED_INCLUDE_IN_FRAMEWORK_HEADER = YES;
				CLANG_WARN_RANGE_LOOP_ANALYSIS = YES;
				CLANG_WARN_STRICT_PROTOTYPES = YES;
				CLANG_WARN_SUSPICIOUS_MOVE = YES;
				CLANG_WARN_UNGUARDED_AVAILABILITY = YES_AGGRESSIVE;
				CLANG_WARN_UNREACHABLE_CODE = YES;
				CLANG_WARN__DUPLICATE_METHOD_MATCH = YES;
				COPY_PHASE_STRIP = NO;
				DEBUG_INFORMATION_FORMAT = "dwarf-with-dsym";
				ENABLE_NS_ASSERTIONS = NO;
				ENABLE_STRICT_OBJC_MSGSEND = YES;
				GCC_C_LANGUAGE_STANDARD = gnu11;
				GCC_NO_COMMON_BLOCKS = YES;
				GCC_WARN_64_TO_32_BIT_CONVERSION = YES;
				GCC_WARN_ABOUT_RETURN_TYPE = YES_ERROR;
				GCC_WARN_UNDECLARED_SELECTOR = YES;
				GCC_WARN_UNINITIALIZED_AUTOS = YES_AGGRESSIVE;
				GCC_WARN_UNUSED_FUNCTION = YES;
				GCC_WARN_UNUSED_VARIABLE = YES;
				IPHONEOS_DEPLOYMENT_TARGET = 14.5;
				MTL_ENABLE_DEBUG_INFO = NO;
				MTL_FAST_MATH = YES;
				SDKROOT = iphoneos;
				SWIFT_COMPILATION_MODE = wholemodule;
				SWIFT_OPTIMIZATION_LEVEL = "-O";
				VALIDATE_PRODUCT = YES;
			};
			name = Release;
		};
		9BAC2D1226D542C4000D5186 /* Debug */ = {
			isa = XCBuildConfiguration;
			buildSettings = {
				ASSETCATALOG_COMPILER_APPICON_NAME = AppIcon;
				ASSETCATALOG_COMPILER_GLOBAL_ACCENT_COLOR_NAME = AccentColor;
				CODE_SIGN_STYLE = Automatic;
				INFOPLIST_FILE = Prework/Info.plist;
				LD_RUNPATH_SEARCH_PATHS = (
					"$(inherited)",
					"@executable_path/Frameworks",
				);
				PRODUCT_BUNDLE_IDENTIFIER = memo.com.Prework;
				PRODUCT_NAME = "$(TARGET_NAME)";
				SWIFT_VERSION = 5.0;
				TARGETED_DEVICE_FAMILY = "1,2";
			};
			name = Debug;
		};
		9BAC2D1326D542C4000D5186 /* Release */ = {
			isa = XCBuildConfiguration;
			buildSettings = {
				ASSETCATALOG_COMPILER_APPICON_NAME = AppIcon;
				ASSETCATALOG_COMPILER_GLOBAL_ACCENT_COLOR_NAME = AccentColor;
				CODE_SIGN_STYLE = Automatic;
				INFOPLIST_FILE = Prework/Info.plist;
				LD_RUNPATH_SEARCH_PATHS = (
					"$(inherited)",
					"@executable_path/Frameworks",
				);
				PRODUCT_BUNDLE_IDENTIFIER = memo.com.Prework;
				PRODUCT_NAME = "$(TARGET_NAME)";
				SWIFT_VERSION = 5.0;
				TARGETED_DEVICE_FAMILY = "1,2";
			};
			name = Release;
		};
		9BAC2D1526D542C4000D5186 /* Debug */ = {
			isa = XCBuildConfiguration;
			buildSettings = {
				ALWAYS_EMBED_SWIFT_STANDARD_LIBRARIES = YES;
				BUNDLE_LOADER = "$(TEST_HOST)";
				CODE_SIGN_STYLE = Automatic;
				INFOPLIST_FILE = PreworkTests/Info.plist;
				IPHONEOS_DEPLOYMENT_TARGET = 14.5;
				LD_RUNPATH_SEARCH_PATHS = (
					"$(inherited)",
					"@executable_path/Frameworks",
					"@loader_path/Frameworks",
				);
				PRODUCT_BUNDLE_IDENTIFIER = memo.com.PreworkTests;
				PRODUCT_NAME = "$(TARGET_NAME)";
				SWIFT_VERSION = 5.0;
				TARGETED_DEVICE_FAMILY = "1,2";
				TEST_HOST = "$(BUILT_PRODUCTS_DIR)/Prework.app/Prework";
			};
			name = Debug;
		};
		9BAC2D1626D542C4000D5186 /* Release */ = {
			isa = XCBuildConfiguration;
			buildSettings = {
				ALWAYS_EMBED_SWIFT_STANDARD_LIBRARIES = YES;
				BUNDLE_LOADER = "$(TEST_HOST)";
				CODE_SIGN_STYLE = Automatic;
				INFOPLIST_FILE = PreworkTests/Info.plist;
				IPHONEOS_DEPLOYMENT_TARGET = 14.5;
				LD_RUNPATH_SEARCH_PATHS = (
					"$(inherited)",
					"@executable_path/Frameworks",
					"@loader_path/Frameworks",
				);
				PRODUCT_BUNDLE_IDENTIFIER = memo.com.PreworkTests;
				PRODUCT_NAME = "$(TARGET_NAME)";
				SWIFT_VERSION = 5.0;
				TARGETED_DEVICE_FAMILY = "1,2";
				TEST_HOST = "$(BUILT_PRODUCTS_DIR)/Prework.app/Prework";
			};
			name = Release;
		};
		9BAC2D1826D542C4000D5186 /* Debug */ = {
			isa = XCBuildConfiguration;
			buildSettings = {
				ALWAYS_EMBED_SWIFT_STANDARD_LIBRARIES = YES;
				CODE_SIGN_STYLE = Automatic;
				INFOPLIST_FILE = PreworkUITests/Info.plist;
				LD_RUNPATH_SEARCH_PATHS = (
					"$(inherited)",
					"@executable_path/Frameworks",
					"@loader_path/Frameworks",
				);
				PRODUCT_BUNDLE_IDENTIFIER = memo.com.PreworkUITests;
				PRODUCT_NAME = "$(TARGET_NAME)";
				SWIFT_VERSION = 5.0;
				TARGETED_DEVICE_FAMILY = "1,2";
				TEST_TARGET_NAME = Prework;
			};
			name = Debug;
		};
		9BAC2D1926D542C4000D5186 /* Release */ = {
			isa = XCBuildConfiguration;
			buildSettings = {
				ALWAYS_EMBED_SWIFT_STANDARD_LIBRARIES = YES;
				CODE_SIGN_STYLE = Automatic;
				INFOPLIST_FILE = PreworkUITests/Info.plist;
				LD_RUNPATH_SEARCH_PATHS = (
					"$(inherited)",
					"@executable_path/Frameworks",
					"@loader_path/Frameworks",
				);
				PRODUCT_BUNDLE_IDENTIFIER = memo.com.PreworkUITests;
				PRODUCT_NAME = "$(TARGET_NAME)";
				SWIFT_VERSION = 5.0;
				TARGETED_DEVICE_FAMILY = "1,2";
				TEST_TARGET_NAME = Prework;
			};
			name = Release;
		};
/* End XCBuildConfiguration section */

/* Begin XCConfigurationList section */
		9BAC2CE226D542C0000D5186 /* Build configuration list for PBXProject "Prework" */ = {
			isa = XCConfigurationList;
			buildConfigurations = (
				9BAC2D0F26D542C4000D5186 /* Debug */,
				9BAC2D1026D542C4000D5186 /* Release */,
			);
			defaultConfigurationIsVisible = 0;
			defaultConfigurationName = Release;
		};
		9BAC2D1126D542C4000D5186 /* Build configuration list for PBXNativeTarget "Prework" */ = {
			isa = XCConfigurationList;
			buildConfigurations = (
				9BAC2D1226D542C4000D5186 /* Debug */,
				9BAC2D1326D542C4000D5186 /* Release */,
			);
			defaultConfigurationIsVisible = 0;
			defaultConfigurationName = Release;
		};
		9BAC2D1426D542C4000D5186 /* Build configuration list for PBXNativeTarget "PreworkTests" */ = {
			isa = XCConfigurationList;
			buildConfigurations = (
				9BAC2D1526D542C4000D5186 /* Debug */,
				9BAC2D1626D542C4000D5186 /* Release */,
			);
			defaultConfigurationIsVisible = 0;
			defaultConfigurationName = Release;
		};
		9BAC2D1726D542C4000D5186 /* Build configuration list for PBXNativeTarget "PreworkUITests" */ = {
			isa = XCConfigurationList;
			buildConfigurations = (
				9BAC2D1826D542C4000D5186 /* Debug */,
				9BAC2D1926D542C4000D5186 /* Release */,
			);
			defaultConfigurationIsVisible = 0;
			defaultConfigurationName = Release;
		};
/* End XCConfigurationList section */
	};
	rootObject = 9BAC2CDF26D542C0000D5186 /* Project object */;
}
